// !$*UTF8*$!
{
	archiveVersion = 1;
	classes = {
	};
	objectVersion = 56;
	objects = {

/* Begin PBXBuildFile section */
		3E6E0FE61E20C7FA822E4D4E /* Pods_photoPractice.framework in Frameworks */ = {isa = PBXBuildFile; fileRef = 7C43EE5100B75D594B1E1ACB /* Pods_photoPractice.framework */; };
		CEA637C12A3609F100FABE02 /* AppDelegate.swift in Sources */ = {isa = PBXBuildFile; fileRef = CEA637C02A3609F100FABE02 /* AppDelegate.swift */; };
		CEA637C32A3609F100FABE02 /* SceneDelegate.swift in Sources */ = {isa = PBXBuildFile; fileRef = CEA637C22A3609F100FABE02 /* SceneDelegate.swift */; };
		CEA637C52A3609F100FABE02 /* HomeViewController.swift in Sources */ = {isa = PBXBuildFile; fileRef = CEA637C42A3609F100FABE02 /* HomeViewController.swift */; };
		CEA637CA2A3609F300FABE02 /* Assets.xcassets in Resources */ = {isa = PBXBuildFile; fileRef = CEA637C92A3609F300FABE02 /* Assets.xcassets */; };
		CEA637CD2A3609F300FABE02 /* LaunchScreen.storyboard in Resources */ = {isa = PBXBuildFile; fileRef = CEA637CB2A3609F300FABE02 /* LaunchScreen.storyboard */; };
		CEA637D82A372C0700FABE02 /* FavoriteViewController.swift in Sources */ = {isa = PBXBuildFile; fileRef = CEA637D72A372C0700FABE02 /* FavoriteViewController.swift */; };
		CEA637DA2A372C6B00FABE02 /* MainTabBarController.swift in Sources */ = {isa = PBXBuildFile; fileRef = CEA637D92A372C6B00FABE02 /* MainTabBarController.swift */; };
		CEA637DD2A372D1800FABE02 /* enum TabBarConfigure.swift in Sources */ = {isa = PBXBuildFile; fileRef = CEA637DC2A372D1800FABE02 /* enum TabBarConfigure.swift */; };
		CEA637E02A372D8F00FABE02 /* ImagesNames.swift in Sources */ = {isa = PBXBuildFile; fileRef = CEA637DF2A372D8F00FABE02 /* ImagesNames.swift */; };
		CEA637E32A3730D800FABE02 /* UIColor + ext.swift in Sources */ = {isa = PBXBuildFile; fileRef = CEA637E22A3730D800FABE02 /* UIColor + ext.swift */; };
		CEA637E52A37353A00FABE02 /* PhotoCollectionViewCell.swift in Sources */ = {isa = PBXBuildFile; fileRef = CEA637E42A37353A00FABE02 /* PhotoCollectionViewCell.swift */; };
		CEA637E82A37387800FABE02 /* FavoriteTableViewCell.swift in Sources */ = {isa = PBXBuildFile; fileRef = CEA637E72A37387800FABE02 /* FavoriteTableViewCell.swift */; };
		CEA637EB2A373C9F00FABE02 /* AdvancedInfoViewController.swift in Sources */ = {isa = PBXBuildFile; fileRef = CEA637EA2A373C9F00FABE02 /* AdvancedInfoViewController.swift */; };
		CEA637EF2A374A8300FABE02 /* ApiType.swift in Sources */ = {isa = PBXBuildFile; fileRef = CEA637EE2A374A8300FABE02 /* ApiType.swift */; };
		CEA637F12A374AAE00FABE02 /* ApiManagerProtocol.swift in Sources */ = {isa = PBXBuildFile; fileRef = CEA637F02A374AAE00FABE02 /* ApiManagerProtocol.swift */; };
		CEA637F32A374ABE00FABE02 /* ApiManager.swift in Sources */ = {isa = PBXBuildFile; fileRef = CEA637F22A374ABE00FABE02 /* ApiManager.swift */; };
		CEA637F52A37551000FABE02 /* PhotoModel.swift in Sources */ = {isa = PBXBuildFile; fileRef = CEA637F42A37551000FABE02 /* PhotoModel.swift */; };
		CEA637FA2A37623700FABE02 /* HomeViewModel.swift in Sources */ = {isa = PBXBuildFile; fileRef = CEA637F92A37623700FABE02 /* HomeViewModel.swift */; };
		CEA637FC2A37633200FABE02 /* HomeViewModelProtocol.swift in Sources */ = {isa = PBXBuildFile; fileRef = CEA637FB2A37633200FABE02 /* HomeViewModelProtocol.swift */; };
		CEA637FE2A37635B00FABE02 /* Dynamic.swift in Sources */ = {isa = PBXBuildFile; fileRef = CEA637FD2A37635B00FABE02 /* Dynamic.swift */; };
		CEA638002A3763D300FABE02 /* PhotoCellViewModel.swift in Sources */ = {isa = PBXBuildFile; fileRef = CEA637FF2A3763D300FABE02 /* PhotoCellViewModel.swift */; };
		CEA638022A3763E800FABE02 /* PhotoCellViewModelProtocol.swift in Sources */ = {isa = PBXBuildFile; fileRef = CEA638012A3763E800FABE02 /* PhotoCellViewModelProtocol.swift */; };
		CEA638042A37645400FABE02 /* AdvancedInfoProtocol.swift in Sources */ = {isa = PBXBuildFile; fileRef = CEA638032A37645400FABE02 /* AdvancedInfoProtocol.swift */; };
		CEA638062A37646600FABE02 /* AdvancedInfoViewModel.swift in Sources */ = {isa = PBXBuildFile; fileRef = CEA638052A37646600FABE02 /* AdvancedInfoViewModel.swift */; };
		CEA6380C2A3764A300FABE02 /* FavoriteScreenViewModel.swift in Sources */ = {isa = PBXBuildFile; fileRef = CEA6380B2A3764A300FABE02 /* FavoriteScreenViewModel.swift */; };
		CEA6380E2A3764B500FABE02 /* FavoriteScreenViewModelProtocol.swift in Sources */ = {isa = PBXBuildFile; fileRef = CEA6380D2A3764B500FABE02 /* FavoriteScreenViewModelProtocol.swift */; };
		CEA638122A377EF700FABE02 /* String + ext.swift in Sources */ = {isa = PBXBuildFile; fileRef = CEA638112A377EF700FABE02 /* String + ext.swift */; };
		CEA638142A37840F00FABE02 /* SearchModel.swift in Sources */ = {isa = PBXBuildFile; fileRef = CEA638132A37840F00FABE02 /* SearchModel.swift */; };
/* End PBXBuildFile section */

/* Begin PBXFileReference section */
		038D1BA94424468947739A80 /* Pods-photoPractice.release.xcconfig */ = {isa = PBXFileReference; includeInIndex = 1; lastKnownFileType = text.xcconfig; name = "Pods-photoPractice.release.xcconfig"; path = "Target Support Files/Pods-photoPractice/Pods-photoPractice.release.xcconfig"; sourceTree = "<group>"; };
		7C43EE5100B75D594B1E1ACB /* Pods_photoPractice.framework */ = {isa = PBXFileReference; explicitFileType = wrapper.framework; includeInIndex = 0; path = Pods_photoPractice.framework; sourceTree = BUILT_PRODUCTS_DIR; };
		9D3F1BBC8E070B1F828B2062 /* Pods-photoPractice.debug.xcconfig */ = {isa = PBXFileReference; includeInIndex = 1; lastKnownFileType = text.xcconfig; name = "Pods-photoPractice.debug.xcconfig"; path = "Target Support Files/Pods-photoPractice/Pods-photoPractice.debug.xcconfig"; sourceTree = "<group>"; };
		CEA637BD2A3609F100FABE02 /* photoPractice.app */ = {isa = PBXFileReference; explicitFileType = wrapper.application; includeInIndex = 0; path = photoPractice.app; sourceTree = BUILT_PRODUCTS_DIR; };
		CEA637C02A3609F100FABE02 /* AppDelegate.swift */ = {isa = PBXFileReference; lastKnownFileType = sourcecode.swift; path = AppDelegate.swift; sourceTree = "<group>"; };
		CEA637C22A3609F100FABE02 /* SceneDelegate.swift */ = {isa = PBXFileReference; lastKnownFileType = sourcecode.swift; path = SceneDelegate.swift; sourceTree = "<group>"; };
		CEA637C42A3609F100FABE02 /* HomeViewController.swift */ = {isa = PBXFileReference; lastKnownFileType = sourcecode.swift; path = HomeViewController.swift; sourceTree = "<group>"; };
		CEA637C92A3609F300FABE02 /* Assets.xcassets */ = {isa = PBXFileReference; lastKnownFileType = folder.assetcatalog; path = Assets.xcassets; sourceTree = "<group>"; };
		CEA637CC2A3609F300FABE02 /* Base */ = {isa = PBXFileReference; lastKnownFileType = file.storyboard; name = Base; path = Base.lproj/LaunchScreen.storyboard; sourceTree = "<group>"; };
		CEA637CE2A3609F300FABE02 /* Info.plist */ = {isa = PBXFileReference; lastKnownFileType = text.plist.xml; path = Info.plist; sourceTree = "<group>"; };
		CEA637D72A372C0700FABE02 /* FavoriteViewController.swift */ = {isa = PBXFileReference; lastKnownFileType = sourcecode.swift; path = FavoriteViewController.swift; sourceTree = "<group>"; };
		CEA637D92A372C6B00FABE02 /* MainTabBarController.swift */ = {isa = PBXFileReference; lastKnownFileType = sourcecode.swift; path = MainTabBarController.swift; sourceTree = "<group>"; };
		CEA637DC2A372D1800FABE02 /* enum TabBarConfigure.swift */ = {isa = PBXFileReference; lastKnownFileType = sourcecode.swift; path = "enum TabBarConfigure.swift"; sourceTree = "<group>"; };
		CEA637DF2A372D8F00FABE02 /* ImagesNames.swift */ = {isa = PBXFileReference; lastKnownFileType = sourcecode.swift; path = ImagesNames.swift; sourceTree = "<group>"; };
		CEA637E22A3730D800FABE02 /* UIColor + ext.swift */ = {isa = PBXFileReference; lastKnownFileType = sourcecode.swift; path = "UIColor + ext.swift"; sourceTree = "<group>"; };
		CEA637E42A37353A00FABE02 /* PhotoCollectionViewCell.swift */ = {isa = PBXFileReference; lastKnownFileType = sourcecode.swift; path = PhotoCollectionViewCell.swift; sourceTree = "<group>"; };
		CEA637E72A37387800FABE02 /* FavoriteTableViewCell.swift */ = {isa = PBXFileReference; lastKnownFileType = sourcecode.swift; path = FavoriteTableViewCell.swift; sourceTree = "<group>"; };
		CEA637EA2A373C9F00FABE02 /* AdvancedInfoViewController.swift */ = {isa = PBXFileReference; lastKnownFileType = sourcecode.swift; path = AdvancedInfoViewController.swift; sourceTree = "<group>"; };
		CEA637EE2A374A8300FABE02 /* ApiType.swift */ = {isa = PBXFileReference; lastKnownFileType = sourcecode.swift; path = ApiType.swift; sourceTree = "<group>"; };
		CEA637F02A374AAE00FABE02 /* ApiManagerProtocol.swift */ = {isa = PBXFileReference; lastKnownFileType = sourcecode.swift; path = ApiManagerProtocol.swift; sourceTree = "<group>"; };
		CEA637F22A374ABE00FABE02 /* ApiManager.swift */ = {isa = PBXFileReference; lastKnownFileType = sourcecode.swift; path = ApiManager.swift; sourceTree = "<group>"; };
		CEA637F42A37551000FABE02 /* PhotoModel.swift */ = {isa = PBXFileReference; lastKnownFileType = sourcecode.swift; path = PhotoModel.swift; sourceTree = "<group>"; };
		CEA637F92A37623700FABE02 /* HomeViewModel.swift */ = {isa = PBXFileReference; lastKnownFileType = sourcecode.swift; path = HomeViewModel.swift; sourceTree = "<group>"; };
		CEA637FB2A37633200FABE02 /* HomeViewModelProtocol.swift */ = {isa = PBXFileReference; lastKnownFileType = sourcecode.swift; path = HomeViewModelProtocol.swift; sourceTree = "<group>"; };
		CEA637FD2A37635B00FABE02 /* Dynamic.swift */ = {isa = PBXFileReference; lastKnownFileType = sourcecode.swift; path = Dynamic.swift; sourceTree = "<group>"; };
		CEA637FF2A3763D300FABE02 /* PhotoCellViewModel.swift */ = {isa = PBXFileReference; lastKnownFileType = sourcecode.swift; path = PhotoCellViewModel.swift; sourceTree = "<group>"; };
		CEA638012A3763E800FABE02 /* PhotoCellViewModelProtocol.swift */ = {isa = PBXFileReference; lastKnownFileType = sourcecode.swift; path = PhotoCellViewModelProtocol.swift; sourceTree = "<group>"; };
		CEA638032A37645400FABE02 /* AdvancedInfoProtocol.swift */ = {isa = PBXFileReference; lastKnownFileType = sourcecode.swift; path = AdvancedInfoProtocol.swift; sourceTree = "<group>"; };
		CEA638052A37646600FABE02 /* AdvancedInfoViewModel.swift */ = {isa = PBXFileReference; lastKnownFileType = sourcecode.swift; path = AdvancedInfoViewModel.swift; sourceTree = "<group>"; };
		CEA6380B2A3764A300FABE02 /* FavoriteScreenViewModel.swift */ = {isa = PBXFileReference; lastKnownFileType = sourcecode.swift; path = FavoriteScreenViewModel.swift; sourceTree = "<group>"; };
		CEA6380D2A3764B500FABE02 /* FavoriteScreenViewModelProtocol.swift */ = {isa = PBXFileReference; lastKnownFileType = sourcecode.swift; path = FavoriteScreenViewModelProtocol.swift; sourceTree = "<group>"; };
		CEA638112A377EF700FABE02 /* String + ext.swift */ = {isa = PBXFileReference; lastKnownFileType = sourcecode.swift; path = "String + ext.swift"; sourceTree = "<group>"; };
		CEA638132A37840F00FABE02 /* SearchModel.swift */ = {isa = PBXFileReference; lastKnownFileType = sourcecode.swift; path = SearchModel.swift; sourceTree = "<group>"; };
/* End PBXFileReference section */

/* Begin PBXFrameworksBuildPhase section */
		CEA637BA2A3609F100FABE02 /* Frameworks */ = {
			isa = PBXFrameworksBuildPhase;
			buildActionMask = 2147483647;
			files = (
				3E6E0FE61E20C7FA822E4D4E /* Pods_photoPractice.framework in Frameworks */,
			);
			runOnlyForDeploymentPostprocessing = 0;
		};
/* End PBXFrameworksBuildPhase section */

/* Begin PBXGroup section */
		534853C39C026CB176AE91E9 /* Frameworks */ = {
			isa = PBXGroup;
			children = (
				7C43EE5100B75D594B1E1ACB /* Pods_photoPractice.framework */,
			);
			name = Frameworks;
			sourceTree = "<group>";
		};
		CEA637B42A3609F100FABE02 = {
			isa = PBXGroup;
			children = (
				CEA637BF2A3609F100FABE02 /* photoPractice */,
				CEA637BE2A3609F100FABE02 /* Products */,
				FBF9FE52E713CB85C3CD4A1D /* Pods */,
				534853C39C026CB176AE91E9 /* Frameworks */,
			);
			sourceTree = "<group>";
		};
		CEA637BE2A3609F100FABE02 /* Products */ = {
			isa = PBXGroup;
			children = (
				CEA637BD2A3609F100FABE02 /* photoPractice.app */,
			);
			name = Products;
			sourceTree = "<group>";
		};
		CEA637BF2A3609F100FABE02 /* photoPractice */ = {
			isa = PBXGroup;
			children = (
				CEA637ED2A374A6E00FABE02 /* API */,
				CEA637D42A360B9B00FABE02 /* Application */,
				CEA637D52A360BA500FABE02 /* Resources */,
				CEA637E12A3730BA00FABE02 /* Extensions */,
				CEA637DE2A372D8300FABE02 /* Helpers */,
				CEA637D62A360BD400FABE02 /* Modules */,
			);
			path = photoPractice;
			sourceTree = "<group>";
		};
		CEA637D42A360B9B00FABE02 /* Application */ = {
			isa = PBXGroup;
			children = (
				CEA637C02A3609F100FABE02 /* AppDelegate.swift */,
				CEA637C22A3609F100FABE02 /* SceneDelegate.swift */,
			);
			path = Application;
			sourceTree = "<group>";
		};
		CEA637D52A360BA500FABE02 /* Resources */ = {
			isa = PBXGroup;
			children = (
				CEA637C92A3609F300FABE02 /* Assets.xcassets */,
				CEA637CB2A3609F300FABE02 /* LaunchScreen.storyboard */,
				CEA637CE2A3609F300FABE02 /* Info.plist */,
			);
			path = Resources;
			sourceTree = "<group>";
		};
		CEA637D62A360BD400FABE02 /* Modules */ = {
			isa = PBXGroup;
			children = (
				CEA637DB2A372C7900FABE02 /* TabBarConfiguration */,
				CEA637E62A37354500FABE02 /* HomeScreen */,
				CEA637E92A37387C00FABE02 /* FavoriteScreen */,
				CEA637EC2A373CB100FABE02 /* AdvancesInfoScreen */,
			);
			path = Modules;
			sourceTree = "<group>";
		};
		CEA637DB2A372C7900FABE02 /* TabBarConfiguration */ = {
			isa = PBXGroup;
			children = (
				CEA637DC2A372D1800FABE02 /* enum TabBarConfigure.swift */,
				CEA637D92A372C6B00FABE02 /* MainTabBarController.swift */,
			);
			path = TabBarConfiguration;
			sourceTree = "<group>";
		};
		CEA637DE2A372D8300FABE02 /* Helpers */ = {
			isa = PBXGroup;
			children = (
				CEA637DF2A372D8F00FABE02 /* ImagesNames.swift */,
				CEA637FD2A37635B00FABE02 /* Dynamic.swift */,
			);
			path = Helpers;
			sourceTree = "<group>";
		};
		CEA637E12A3730BA00FABE02 /* Extensions */ = {
			isa = PBXGroup;
			children = (
				CEA637E22A3730D800FABE02 /* UIColor + ext.swift */,
				CEA638112A377EF700FABE02 /* String + ext.swift */,
			);
			path = Extensions;
			sourceTree = "<group>";
		};
		CEA637E62A37354500FABE02 /* HomeScreen */ = {
			isa = PBXGroup;
			children = (
				CEA637F62A375B5D00FABE02 /* Model */,
				CEA637F82A375B6D00FABE02 /* Views */,
				CEA637F72A375B6300FABE02 /* ViewModels */,
			);
			path = HomeScreen;
			sourceTree = "<group>";
		};
		CEA637E92A37387C00FABE02 /* FavoriteScreen */ = {
			isa = PBXGroup;
			children = (
				CEA638092A37648A00FABE02 /* Views */,
				CEA6380A2A37649000FABE02 /* ViewModels */,
			);
			path = FavoriteScreen;
			sourceTree = "<group>";
		};
		CEA637EC2A373CB100FABE02 /* AdvancesInfoScreen */ = {
			isa = PBXGroup;
			children = (
				CEA638072A37647A00FABE02 /* View */,
				CEA638082A37648000FABE02 /* ViewModel */,
			);
			path = AdvancesInfoScreen;
			sourceTree = "<group>";
		};
		CEA637ED2A374A6E00FABE02 /* API */ = {
			isa = PBXGroup;
			children = (
				CEA637EE2A374A8300FABE02 /* ApiType.swift */,
				CEA637F22A374ABE00FABE02 /* ApiManager.swift */,
				CEA637F02A374AAE00FABE02 /* ApiManagerProtocol.swift */,
			);
			path = API;
			sourceTree = "<group>";
		};
		CEA637F62A375B5D00FABE02 /* Model */ = {
			isa = PBXGroup;
			children = (
				CEA637F42A37551000FABE02 /* PhotoModel.swift */,
				CEA638132A37840F00FABE02 /* SearchModel.swift */,
			);
			path = Model;
			sourceTree = "<group>";
		};
		CEA637F72A375B6300FABE02 /* ViewModels */ = {
			isa = PBXGroup;
			children = (
				CEA637F92A37623700FABE02 /* HomeViewModel.swift */,
				CEA637FB2A37633200FABE02 /* HomeViewModelProtocol.swift */,
				CEA637FF2A3763D300FABE02 /* PhotoCellViewModel.swift */,
				CEA638012A3763E800FABE02 /* PhotoCellViewModelProtocol.swift */,
			);
			name = ViewModels;
			sourceTree = "<group>";
		};
		CEA637F82A375B6D00FABE02 /* Views */ = {
			isa = PBXGroup;
			children = (
				CEA637C42A3609F100FABE02 /* HomeViewController.swift */,
				CEA637E42A37353A00FABE02 /* PhotoCollectionViewCell.swift */,
			);
			path = Views;
			sourceTree = "<group>";
		};
		CEA638072A37647A00FABE02 /* View */ = {
			isa = PBXGroup;
			children = (
				CEA637EA2A373C9F00FABE02 /* AdvancedInfoViewController.swift */,
			);
			path = View;
			sourceTree = "<group>";
		};
		CEA638082A37648000FABE02 /* ViewModel */ = {
			isa = PBXGroup;
			children = (
				CEA638052A37646600FABE02 /* AdvancedInfoViewModel.swift */,
				CEA638032A37645400FABE02 /* AdvancedInfoProtocol.swift */,
			);
			path = ViewModel;
			sourceTree = "<group>";
		};
		CEA638092A37648A00FABE02 /* Views */ = {
			isa = PBXGroup;
			children = (
				CEA637D72A372C0700FABE02 /* FavoriteViewController.swift */,
				CEA637E72A37387800FABE02 /* FavoriteTableViewCell.swift */,
			);
			path = Views;
			sourceTree = "<group>";
		};
		CEA6380A2A37649000FABE02 /* ViewModels */ = {
			isa = PBXGroup;
			children = (
				CEA6380B2A3764A300FABE02 /* FavoriteScreenViewModel.swift */,
				CEA6380D2A3764B500FABE02 /* FavoriteScreenViewModelProtocol.swift */,
			);
			path = ViewModels;
			sourceTree = "<group>";
		};
		FBF9FE52E713CB85C3CD4A1D /* Pods */ = {
			isa = PBXGroup;
			children = (
				9D3F1BBC8E070B1F828B2062 /* Pods-photoPractice.debug.xcconfig */,
				038D1BA94424468947739A80 /* Pods-photoPractice.release.xcconfig */,
			);
			path = Pods;
			sourceTree = "<group>";
		};
/* End PBXGroup section */

/* Begin PBXNativeTarget section */
		CEA637BC2A3609F100FABE02 /* photoPractice */ = {
			isa = PBXNativeTarget;
			buildConfigurationList = CEA637D12A3609F300FABE02 /* Build configuration list for PBXNativeTarget "photoPractice" */;
			buildPhases = (
				BF0F10BFB6D821C5CAA2E264 /* [CP] Check Pods Manifest.lock */,
				CEA637B92A3609F100FABE02 /* Sources */,
				CEA637BA2A3609F100FABE02 /* Frameworks */,
				CEA637BB2A3609F100FABE02 /* Resources */,
				30D28689FB8EEE7B88511035 /* [CP] Embed Pods Frameworks */,
			);
			buildRules = (
			);
			dependencies = (
			);
			name = photoPractice;
			productName = photoPractice;
			productReference = CEA637BD2A3609F100FABE02 /* photoPractice.app */;
			productType = "com.apple.product-type.application";
		};
/* End PBXNativeTarget section */

/* Begin PBXProject section */
		CEA637B52A3609F100FABE02 /* Project object */ = {
			isa = PBXProject;
			attributes = {
				BuildIndependentTargetsInParallel = 1;
				LastSwiftUpdateCheck = 1430;
				LastUpgradeCheck = 1430;
				TargetAttributes = {
					CEA637BC2A3609F100FABE02 = {
						CreatedOnToolsVersion = 14.3.1;
					};
				};
			};
			buildConfigurationList = CEA637B82A3609F100FABE02 /* Build configuration list for PBXProject "photoPractice" */;
			compatibilityVersion = "Xcode 14.0";
			developmentRegion = en;
			hasScannedForEncodings = 0;
			knownRegions = (
				en,
				Base,
			);
			mainGroup = CEA637B42A3609F100FABE02;
			productRefGroup = CEA637BE2A3609F100FABE02 /* Products */;
			projectDirPath = "";
			projectRoot = "";
			targets = (
				CEA637BC2A3609F100FABE02 /* photoPractice */,
			);
		};
/* End PBXProject section */

/* Begin PBXResourcesBuildPhase section */
		CEA637BB2A3609F100FABE02 /* Resources */ = {
			isa = PBXResourcesBuildPhase;
			buildActionMask = 2147483647;
			files = (
				CEA637CD2A3609F300FABE02 /* LaunchScreen.storyboard in Resources */,
				CEA637CA2A3609F300FABE02 /* Assets.xcassets in Resources */,
			);
			runOnlyForDeploymentPostprocessing = 0;
		};
/* End PBXResourcesBuildPhase section */

/* Begin PBXShellScriptBuildPhase section */
		30D28689FB8EEE7B88511035 /* [CP] Embed Pods Frameworks */ = {
			isa = PBXShellScriptBuildPhase;
			buildActionMask = 2147483647;
			files = (
			);
			inputFileListPaths = (
				"${PODS_ROOT}/Target Support Files/Pods-photoPractice/Pods-photoPractice-frameworks-${CONFIGURATION}-input-files.xcfilelist",
			);
			name = "[CP] Embed Pods Frameworks";
			outputFileListPaths = (
				"${PODS_ROOT}/Target Support Files/Pods-photoPractice/Pods-photoPractice-frameworks-${CONFIGURATION}-output-files.xcfilelist",
			);
			runOnlyForDeploymentPostprocessing = 0;
			shellPath = /bin/sh;
			shellScript = "\"${PODS_ROOT}/Target Support Files/Pods-photoPractice/Pods-photoPractice-frameworks.sh\"\n";
			showEnvVarsInLog = 0;
		};
		BF0F10BFB6D821C5CAA2E264 /* [CP] Check Pods Manifest.lock */ = {
			isa = PBXShellScriptBuildPhase;
			buildActionMask = 2147483647;
			files = (
			);
			inputFileListPaths = (
			);
			inputPaths = (
				"${PODS_PODFILE_DIR_PATH}/Podfile.lock",
				"${PODS_ROOT}/Manifest.lock",
			);
			name = "[CP] Check Pods Manifest.lock";
			outputFileListPaths = (
			);
			outputPaths = (
				"$(DERIVED_FILE_DIR)/Pods-photoPractice-checkManifestLockResult.txt",
			);
			runOnlyForDeploymentPostprocessing = 0;
			shellPath = /bin/sh;
			shellScript = "diff \"${PODS_PODFILE_DIR_PATH}/Podfile.lock\" \"${PODS_ROOT}/Manifest.lock\" > /dev/null\nif [ $? != 0 ] ; then\n    # print error to STDERR\n    echo \"error: The sandbox is not in sync with the Podfile.lock. Run 'pod install' or update your CocoaPods installation.\" >&2\n    exit 1\nfi\n# This output is used by Xcode 'outputs' to avoid re-running this script phase.\necho \"SUCCESS\" > \"${SCRIPT_OUTPUT_FILE_0}\"\n";
			showEnvVarsInLog = 0;
		};
/* End PBXShellScriptBuildPhase section */

/* Begin PBXSourcesBuildPhase section */
		CEA637B92A3609F100FABE02 /* Sources */ = {
			isa = PBXSourcesBuildPhase;
			buildActionMask = 2147483647;
			files = (
				CEA637EF2A374A8300FABE02 /* ApiType.swift in Sources */,
				CEA637C52A3609F100FABE02 /* HomeViewController.swift in Sources */,
				CEA637C12A3609F100FABE02 /* AppDelegate.swift in Sources */,
				CEA638042A37645400FABE02 /* AdvancedInfoProtocol.swift in Sources */,
				CEA637FE2A37635B00FABE02 /* Dynamic.swift in Sources */,
				CEA638002A3763D300FABE02 /* PhotoCellViewModel.swift in Sources */,
				CEA6380E2A3764B500FABE02 /* FavoriteScreenViewModelProtocol.swift in Sources */,
				CEA638122A377EF700FABE02 /* String + ext.swift in Sources */,
				CEA637FA2A37623700FABE02 /* HomeViewModel.swift in Sources */,
				CEA637F52A37551000FABE02 /* PhotoModel.swift in Sources */,
				CEA638062A37646600FABE02 /* AdvancedInfoViewModel.swift in Sources */,
				CEA637DD2A372D1800FABE02 /* enum TabBarConfigure.swift in Sources */,
				CEA637DA2A372C6B00FABE02 /* MainTabBarController.swift in Sources */,
				CEA638142A37840F00FABE02 /* SearchModel.swift in Sources */,
				CEA637FC2A37633200FABE02 /* HomeViewModelProtocol.swift in Sources */,
				CEA637D82A372C0700FABE02 /* FavoriteViewController.swift in Sources */,
				CEA637E52A37353A00FABE02 /* PhotoCollectionViewCell.swift in Sources */,
				CEA637C32A3609F100FABE02 /* SceneDelegate.swift in Sources */,
				CEA637F12A374AAE00FABE02 /* ApiManagerProtocol.swift in Sources */,
				CEA638022A3763E800FABE02 /* PhotoCellViewModelProtocol.swift in Sources */,
				CEA6380C2A3764A300FABE02 /* FavoriteScreenViewModel.swift in Sources */,
				CEA637E02A372D8F00FABE02 /* ImagesNames.swift in Sources */,
				CEA637F32A374ABE00FABE02 /* ApiManager.swift in Sources */,
				CEA637E32A3730D800FABE02 /* UIColor + ext.swift in Sources */,
				CEA637E82A37387800FABE02 /* FavoriteTableViewCell.swift in Sources */,
				CEA637EB2A373C9F00FABE02 /* AdvancedInfoViewController.swift in Sources */,
			);
			runOnlyForDeploymentPostprocessing = 0;
		};
/* End PBXSourcesBuildPhase section */

/* Begin PBXVariantGroup section */
		CEA637CB2A3609F300FABE02 /* LaunchScreen.storyboard */ = {
			isa = PBXVariantGroup;
			children = (
				CEA637CC2A3609F300FABE02 /* Base */,
			);
			name = LaunchScreen.storyboard;
			sourceTree = "<group>";
		};
/* End PBXVariantGroup section */

/* Begin XCBuildConfiguration section */
		CEA637CF2A3609F300FABE02 /* Debug */ = {
			isa = XCBuildConfiguration;
			buildSettings = {
				ALWAYS_SEARCH_USER_PATHS = NO;
				CLANG_ANALYZER_NONNULL = YES;
				CLANG_ANALYZER_NUMBER_OBJECT_CONVERSION = YES_AGGRESSIVE;
				CLANG_CXX_LANGUAGE_STANDARD = "gnu++20";
				CLANG_ENABLE_MODULES = YES;
				CLANG_ENABLE_OBJC_ARC = YES;
				CLANG_ENABLE_OBJC_WEAK = YES;
				CLANG_WARN_BLOCK_CAPTURE_AUTORELEASING = YES;
				CLANG_WARN_BOOL_CONVERSION = YES;
				CLANG_WARN_COMMA = YES;
				CLANG_WARN_CONSTANT_CONVERSION = YES;
				CLANG_WARN_DEPRECATED_OBJC_IMPLEMENTATIONS = YES;
				CLANG_WARN_DIRECT_OBJC_ISA_USAGE = YES_ERROR;
				CLANG_WARN_DOCUMENTATION_COMMENTS = YES;
				CLANG_WARN_EMPTY_BODY = YES;
				CLANG_WARN_ENUM_CONVERSION = YES;
				CLANG_WARN_INFINITE_RECURSION = YES;
				CLANG_WARN_INT_CONVERSION = YES;
				CLANG_WARN_NON_LITERAL_NULL_CONVERSION = YES;
				CLANG_WARN_OBJC_IMPLICIT_RETAIN_SELF = YES;
				CLANG_WARN_OBJC_LITERAL_CONVERSION = YES;
				CLANG_WARN_OBJC_ROOT_CLASS = YES_ERROR;
				CLANG_WARN_QUOTED_INCLUDE_IN_FRAMEWORK_HEADER = YES;
				CLANG_WARN_RANGE_LOOP_ANALYSIS = YES;
				CLANG_WARN_STRICT_PROTOTYPES = YES;
				CLANG_WARN_SUSPICIOUS_MOVE = YES;
				CLANG_WARN_UNGUARDED_AVAILABILITY = YES_AGGRESSIVE;
				CLANG_WARN_UNREACHABLE_CODE = YES;
				CLANG_WARN__DUPLICATE_METHOD_MATCH = YES;
				COPY_PHASE_STRIP = NO;
				DEBUG_INFORMATION_FORMAT = dwarf;
				ENABLE_STRICT_OBJC_MSGSEND = YES;
				ENABLE_TESTABILITY = YES;
				GCC_C_LANGUAGE_STANDARD = gnu11;
				GCC_DYNAMIC_NO_PIC = NO;
				GCC_NO_COMMON_BLOCKS = YES;
				GCC_OPTIMIZATION_LEVEL = 0;
				GCC_PREPROCESSOR_DEFINITIONS = (
					"DEBUG=1",
					"$(inherited)",
				);
				GCC_WARN_64_TO_32_BIT_CONVERSION = YES;
				GCC_WARN_ABOUT_RETURN_TYPE = YES_ERROR;
				GCC_WARN_UNDECLARED_SELECTOR = YES;
				GCC_WARN_UNINITIALIZED_AUTOS = YES_AGGRESSIVE;
				GCC_WARN_UNUSED_FUNCTION = YES;
				GCC_WARN_UNUSED_VARIABLE = YES;
				IPHONEOS_DEPLOYMENT_TARGET = 16.4;
				MTL_ENABLE_DEBUG_INFO = INCLUDE_SOURCE;
				MTL_FAST_MATH = YES;
				ONLY_ACTIVE_ARCH = YES;
				SDKROOT = iphoneos;
				SWIFT_ACTIVE_COMPILATION_CONDITIONS = DEBUG;
				SWIFT_OPTIMIZATION_LEVEL = "-Onone";
			};
			name = Debug;
		};
		CEA637D02A3609F300FABE02 /* Release */ = {
			isa = XCBuildConfiguration;
			buildSettings = {
				ALWAYS_SEARCH_USER_PATHS = NO;
				CLANG_ANALYZER_NONNULL = YES;
				CLANG_ANALYZER_NUMBER_OBJECT_CONVERSION = YES_AGGRESSIVE;
				CLANG_CXX_LANGUAGE_STANDARD = "gnu++20";
				CLANG_ENABLE_MODULES = YES;
				CLANG_ENABLE_OBJC_ARC = YES;
				CLANG_ENABLE_OBJC_WEAK = YES;
				CLANG_WARN_BLOCK_CAPTURE_AUTORELEASING = YES;
				CLANG_WARN_BOOL_CONVERSION = YES;
				CLANG_WARN_COMMA = YES;
				CLANG_WARN_CONSTANT_CONVERSION = YES;
				CLANG_WARN_DEPRECATED_OBJC_IMPLEMENTATIONS = YES;
				CLANG_WARN_DIRECT_OBJC_ISA_USAGE = YES_ERROR;
				CLANG_WARN_DOCUMENTATION_COMMENTS = YES;
				CLANG_WARN_EMPTY_BODY = YES;
				CLANG_WARN_ENUM_CONVERSION = YES;
				CLANG_WARN_INFINITE_RECURSION = YES;
				CLANG_WARN_INT_CONVERSION = YES;
				CLANG_WARN_NON_LITERAL_NULL_CONVERSION = YES;
				CLANG_WARN_OBJC_IMPLICIT_RETAIN_SELF = YES;
				CLANG_WARN_OBJC_LITERAL_CONVERSION = YES;
				CLANG_WARN_OBJC_ROOT_CLASS = YES_ERROR;
				CLANG_WARN_QUOTED_INCLUDE_IN_FRAMEWORK_HEADER = YES;
				CLANG_WARN_RANGE_LOOP_ANALYSIS = YES;
				CLANG_WARN_STRICT_PROTOTYPES = YES;
				CLANG_WARN_SUSPICIOUS_MOVE = YES;
				CLANG_WARN_UNGUARDED_AVAILABILITY = YES_AGGRESSIVE;
				CLANG_WARN_UNREACHABLE_CODE = YES;
				CLANG_WARN__DUPLICATE_METHOD_MATCH = YES;
				COPY_PHASE_STRIP = NO;
				DEBUG_INFORMATION_FORMAT = "dwarf-with-dsym";
				ENABLE_NS_ASSERTIONS = NO;
				ENABLE_STRICT_OBJC_MSGSEND = YES;
				GCC_C_LANGUAGE_STANDARD = gnu11;
				GCC_NO_COMMON_BLOCKS = YES;
				GCC_WARN_64_TO_32_BIT_CONVERSION = YES;
				GCC_WARN_ABOUT_RETURN_TYPE = YES_ERROR;
				GCC_WARN_UNDECLARED_SELECTOR = YES;
				GCC_WARN_UNINITIALIZED_AUTOS = YES_AGGRESSIVE;
				GCC_WARN_UNUSED_FUNCTION = YES;
				GCC_WARN_UNUSED_VARIABLE = YES;
				IPHONEOS_DEPLOYMENT_TARGET = 16.4;
				MTL_ENABLE_DEBUG_INFO = NO;
				MTL_FAST_MATH = YES;
				SDKROOT = iphoneos;
				SWIFT_COMPILATION_MODE = wholemodule;
				SWIFT_OPTIMIZATION_LEVEL = "-O";
				VALIDATE_PRODUCT = YES;
			};
			name = Release;
		};
		CEA637D22A3609F300FABE02 /* Debug */ = {
			isa = XCBuildConfiguration;
			baseConfigurationReference = 9D3F1BBC8E070B1F828B2062 /* Pods-photoPractice.debug.xcconfig */;
			buildSettings = {
				ASSETCATALOG_COMPILER_APPICON_NAME = AppIcon;
				ASSETCATALOG_COMPILER_GLOBAL_ACCENT_COLOR_NAME = AccentColor;
				CODE_SIGN_STYLE = Automatic;
				CURRENT_PROJECT_VERSION = 1;
				DEVELOPMENT_TEAM = 8N8TPBLU94;
				GENERATE_INFOPLIST_FILE = YES;
				INFOPLIST_FILE = photoPractice/Resources/Info.plist;
				INFOPLIST_KEY_UIApplicationSupportsIndirectInputEvents = YES;
				INFOPLIST_KEY_UILaunchStoryboardName = LaunchScreen;
				INFOPLIST_KEY_UISupportedInterfaceOrientations_iPad = "UIInterfaceOrientationPortrait UIInterfaceOrientationPortraitUpsideDown UIInterfaceOrientationLandscapeLeft UIInterfaceOrientationLandscapeRight";
				INFOPLIST_KEY_UISupportedInterfaceOrientations_iPhone = "UIInterfaceOrientationPortrait UIInterfaceOrientationLandscapeLeft UIInterfaceOrientationLandscapeRight";
				LD_RUNPATH_SEARCH_PATHS = (
					"$(inherited)",
					"@executable_path/Frameworks",
				);
				MARKETING_VERSION = 1.0;
				PRODUCT_BUNDLE_IDENTIFIER = VPDev.photoPractice;
				PRODUCT_NAME = "$(TARGET_NAME)";
				SWIFT_EMIT_LOC_STRINGS = YES;
				SWIFT_VERSION = 5.0;
				TARGETED_DEVICE_FAMILY = "1,2";
			};
			name = Debug;
		};
		CEA637D32A3609F300FABE02 /* Release */ = {
			isa = XCBuildConfiguration;
			baseConfigurationReference = 038D1BA94424468947739A80 /* Pods-photoPractice.release.xcconfig */;
			buildSettings = {
				ASSETCATALOG_COMPILER_APPICON_NAME = AppIcon;
				ASSETCATALOG_COMPILER_GLOBAL_ACCENT_COLOR_NAME = AccentColor;
				CODE_SIGN_STYLE = Automatic;
				CURRENT_PROJECT_VERSION = 1;
				DEVELOPMENT_TEAM = 8N8TPBLU94;
				GENERATE_INFOPLIST_FILE = YES;
				INFOPLIST_FILE = photoPractice/Resources/Info.plist;
				INFOPLIST_KEY_UIApplicationSupportsIndirectInputEvents = YES;
				INFOPLIST_KEY_UILaunchStoryboardName = LaunchScreen;
				INFOPLIST_KEY_UISupportedInterfaceOrientations_iPad = "UIInterfaceOrientationPortrait UIInterfaceOrientationPortraitUpsideDown UIInterfaceOrientationLandscapeLeft UIInterfaceOrientationLandscapeRight";
				INFOPLIST_KEY_UISupportedInterfaceOrientations_iPhone = "UIInterfaceOrientationPortrait UIInterfaceOrientationLandscapeLeft UIInterfaceOrientationLandscapeRight";
				LD_RUNPATH_SEARCH_PATHS = (
					"$(inherited)",
					"@executable_path/Frameworks",
				);
				MARKETING_VERSION = 1.0;
				PRODUCT_BUNDLE_IDENTIFIER = VPDev.photoPractice;
				PRODUCT_NAME = "$(TARGET_NAME)";
				SWIFT_EMIT_LOC_STRINGS = YES;
				SWIFT_VERSION = 5.0;
				TARGETED_DEVICE_FAMILY = "1,2";
			};
			name = Release;
		};
/* End XCBuildConfiguration section */

/* Begin XCConfigurationList section */
		CEA637B82A3609F100FABE02 /* Build configuration list for PBXProject "photoPractice" */ = {
			isa = XCConfigurationList;
			buildConfigurations = (
				CEA637CF2A3609F300FABE02 /* Debug */,
				CEA637D02A3609F300FABE02 /* Release */,
			);
			defaultConfigurationIsVisible = 0;
			defaultConfigurationName = Release;
		};
		CEA637D12A3609F300FABE02 /* Build configuration list for PBXNativeTarget "photoPractice" */ = {
			isa = XCConfigurationList;
			buildConfigurations = (
				CEA637D22A3609F300FABE02 /* Debug */,
				CEA637D32A3609F300FABE02 /* Release */,
			);
			defaultConfigurationIsVisible = 0;
			defaultConfigurationName = Release;
		};
/* End XCConfigurationList section */
	};
	rootObject = CEA637B52A3609F100FABE02 /* Project object */;
}
